# This file is automatically @generated by Cargo.
# It is not intended for manual editing.
[[package]]
name = "adler32"
version = "1.2.0"
source = "registry+https://github.com/rust-lang/crates.io-index"
checksum = "aae1277d39aeec15cb388266ecc24b11c80469deae6067e17a1a7aa9e5c1f234"

[[package]]
name = "ahash"
version = "0.4.7"
source = "registry+https://github.com/rust-lang/crates.io-index"
checksum = "739f4a8db6605981345c5654f3a85b056ce52f37a39d34da03f25bf2151ea16e"

[[package]]
name = "arrayvec"
version = "0.5.2"
source = "registry+https://github.com/rust-lang/crates.io-index"
checksum = "23b62fc65de8e4e7f52534fb52b0f3ed04746ae267519eef2a83941e8085068b"

[[package]]
name = "ash"
version = "0.31.0"
source = "registry+https://github.com/rust-lang/crates.io-index"
checksum = "c69a8137596e84c22d57f3da1b5de1d4230b1742a710091c85f4d7ce50f00f38"
dependencies = [
 "libloading",
]

[[package]]
name = "autocfg"
version = "1.0.1"
source = "registry+https://github.com/rust-lang/crates.io-index"
checksum = "cdb031dd78e28731d87d56cc8ffef4a8f36ca26c38fe2de700543e627f8a464a"

[[package]]
name = "base64"
version = "0.13.0"
source = "registry+https://github.com/rust-lang/crates.io-index"
checksum = "904dfeac50f3cdaba28fc6f57fdcddb75f49ed61346676a78c4ffe55877802fd"

[[package]]
name = "bit-set"
version = "0.5.2"
source = "registry+https://github.com/rust-lang/crates.io-index"
checksum = "6e11e16035ea35e4e5997b393eacbf6f63983188f7a2ad25bfb13465f5ad59de"
dependencies = [
 "bit-vec",
]

[[package]]
name = "bit-vec"
version = "0.6.3"
source = "registry+https://github.com/rust-lang/crates.io-index"
checksum = "349f9b6a179ed607305526ca489b34ad0a41aed5f7980fa90eb03160b69598fb"

[[package]]
name = "bitflags"
version = "1.2.1"
source = "registry+https://github.com/rust-lang/crates.io-index"
checksum = "cf1de2fe8c75bc145a2f577add951f8134889b4795d47466a54a5c846d691693"

[[package]]
name = "block"
version = "0.1.6"
source = "registry+https://github.com/rust-lang/crates.io-index"
checksum = "0d8c1fef690941d3e7788d328517591fecc684c084084702d6ff1641e993699a"

[[package]]
name = "bumpalo"
version = "3.4.0"
source = "registry+https://github.com/rust-lang/crates.io-index"
checksum = "2e8c087f005730276d1096a652e92a8bacee2e2472bcc9715a74d2bec38b5820"

[[package]]
name = "byteorder"
version = "1.3.4"
source = "registry+https://github.com/rust-lang/crates.io-index"
checksum = "08c48aae112d48ed9f069b33538ea9e3e90aa263cfa3d1c24309612b1f7472de"

[[package]]
name = "cc"
version = "1.0.66"
source = "registry+https://github.com/rust-lang/crates.io-index"
checksum = "4c0496836a84f8d0495758516b8621a622beb77c0fed418570e50764093ced48"
dependencies = [
 "jobserver",
]

[[package]]
name = "cfg-if"
version = "0.1.10"
source = "registry+https://github.com/rust-lang/crates.io-index"
checksum = "4785bdd1c96b2a846b2bd7cc02e86b6b3dbf14e7e53446c4f54c92a361040822"

[[package]]
name = "cfg-if"
version = "1.0.0"
source = "registry+https://github.com/rust-lang/crates.io-index"
checksum = "baf1de4339761588bc0619e3cbc0120ee582ebb74b53b4efbf79117bd2da40fd"

[[package]]
name = "cfg_aliases"
version = "0.1.1"
source = "registry+https://github.com/rust-lang/crates.io-index"
checksum = "fd16c4719339c4530435d38e511904438d07cce7950afa3718a84ac36c10e89e"

[[package]]
name = "cocoa-foundation"
version = "0.1.0"
source = "registry+https://github.com/rust-lang/crates.io-index"
checksum = "7ade49b65d560ca58c403a479bb396592b155c0185eada742ee323d1d68d6318"
dependencies = [
 "bitflags",
 "block",
 "core-foundation",
 "core-graphics-types",
 "foreign-types",
 "libc",
 "objc",
]

[[package]]
name = "copyless"
version = "0.1.5"
source = "registry+https://github.com/rust-lang/crates.io-index"
checksum = "a2df960f5d869b2dd8532793fde43eb5427cceb126c929747a26823ab0eeb536"

[[package]]
name = "core-foundation"
version = "0.9.1"
source = "registry+https://github.com/rust-lang/crates.io-index"
checksum = "0a89e2ae426ea83155dccf10c0fa6b1463ef6d5fcb44cee0b224a408fa640a62"
dependencies = [
 "core-foundation-sys",
 "libc",
]

[[package]]
name = "core-foundation-sys"
version = "0.8.2"
source = "registry+https://github.com/rust-lang/crates.io-index"
checksum = "ea221b5284a47e40033bf9b66f35f984ec0ea2931eb03505246cd27a963f981b"

[[package]]
name = "core-graphics-types"
version = "0.1.1"
source = "registry+https://github.com/rust-lang/crates.io-index"
checksum = "3a68b68b3446082644c91ac778bf50cd4104bfb002b5a6a7c44cca5a2c70788b"
dependencies = [
 "bitflags",
 "core-foundation",
 "foreign-types",
 "libc",
]

[[package]]
name = "crc32fast"
version = "1.2.1"
source = "registry+https://github.com/rust-lang/crates.io-index"
checksum = "81156fece84ab6a9f2afdb109ce3ae577e42b1228441eded99bd77f627953b1a"
dependencies = [
 "cfg-if 1.0.0",
]

[[package]]
name = "d3d12"
version = "0.3.2"
source = "registry+https://github.com/rust-lang/crates.io-index"
checksum = "d0a60cceb22c7c53035f8980524fdc7f17cf49681a3c154e6757d30afbec6ec4"
dependencies = [
 "bitflags",
 "libloading",
 "winapi",
]

[[package]]
name = "deflate"
version = "0.8.6"
source = "registry+https://github.com/rust-lang/crates.io-index"
checksum = "73770f8e1fe7d64df17ca66ad28994a0a623ea497fa69486e14984e715c5d174"
dependencies = [
 "adler32",
 "byteorder",
]

[[package]]
name = "fixedbitset"
version = "0.2.0"
source = "registry+https://github.com/rust-lang/crates.io-index"
checksum = "37ab347416e802de484e4d03c7316c48f1ecb56574dfd4a46a80f173ce1de04d"

[[package]]
name = "foreign-types"
version = "0.3.2"
source = "registry+https://github.com/rust-lang/crates.io-index"
checksum = "f6f339eb8adc052cd2ca78910fda869aefa38d22d5cb648e6485e4d3fc06f3b1"
dependencies = [
 "foreign-types-shared",
]

[[package]]
name = "foreign-types-shared"
version = "0.1.1"
source = "registry+https://github.com/rust-lang/crates.io-index"
checksum = "00b0228411908ca8685dba7fc2cdd70ec9990a6e753e89b6ac91a84c40fbaf4b"

[[package]]
name = "fxhash"
version = "0.2.1"
source = "registry+https://github.com/rust-lang/crates.io-index"
checksum = "c31b6d751ae2c7f11320402d34e41349dd1016f8d5d45e48c4312bc8625af50c"
dependencies = [
 "byteorder",
]

[[package]]
name = "gfx-auxil"
version = "0.5.0"
source = "git+https://github.com/gfx-rs/gfx?rev=0244e3401e9f127617cb8636397048584e7bfe8a#0244e3401e9f127617cb8636397048584e7bfe8a"
dependencies = [
 "fxhash",
 "gfx-hal 0.6.0 (git+https://github.com/gfx-rs/gfx?rev=0244e3401e9f127617cb8636397048584e7bfe8a)",
 "spirv_cross",
]

[[package]]
name = "gfx-backend-dx11"
version = "0.6.0"
source = "git+https://github.com/gfx-rs/gfx?rev=0244e3401e9f127617cb8636397048584e7bfe8a#0244e3401e9f127617cb8636397048584e7bfe8a"
dependencies = [
 "arrayvec",
 "bitflags",
 "gfx-auxil",
 "gfx-hal 0.6.0 (git+https://github.com/gfx-rs/gfx?rev=0244e3401e9f127617cb8636397048584e7bfe8a)",
 "libloading",
 "log",
 "parking_lot",
 "range-alloc",
 "raw-window-handle",
 "smallvec",
 "spirv_cross",
 "thunderdome",
 "winapi",
 "wio",
]

[[package]]
name = "gfx-backend-dx12"
version = "0.6.2"
source = "git+https://github.com/gfx-rs/gfx?rev=0244e3401e9f127617cb8636397048584e7bfe8a#0244e3401e9f127617cb8636397048584e7bfe8a"
dependencies = [
 "arrayvec",
 "bit-set",
 "bitflags",
 "d3d12",
 "gfx-auxil",
 "gfx-hal 0.6.0 (git+https://github.com/gfx-rs/gfx?rev=0244e3401e9f127617cb8636397048584e7bfe8a)",
 "log",
 "parking_lot",
 "range-alloc",
 "raw-window-handle",
 "smallvec",
 "spirv_cross",
 "winapi",
]

[[package]]
name = "gfx-backend-empty"
version = "0.6.0"
source = "git+https://github.com/gfx-rs/gfx?rev=0244e3401e9f127617cb8636397048584e7bfe8a#0244e3401e9f127617cb8636397048584e7bfe8a"
dependencies = [
 "gfx-hal 0.6.0 (git+https://github.com/gfx-rs/gfx?rev=0244e3401e9f127617cb8636397048584e7bfe8a)",
 "log",
 "raw-window-handle",
]

[[package]]
name = "gfx-backend-gl"
version = "0.6.0"
source = "git+https://github.com/gfx-rs/gfx?rev=0244e3401e9f127617cb8636397048584e7bfe8a#0244e3401e9f127617cb8636397048584e7bfe8a"
dependencies = [
 "arrayvec",
 "bitflags",
 "gfx-auxil",
 "gfx-hal 0.6.0 (git+https://github.com/gfx-rs/gfx?rev=0244e3401e9f127617cb8636397048584e7bfe8a)",
 "glow",
 "js-sys",
 "khronos-egl",
 "libloading",
 "log",
 "naga",
 "parking_lot",
 "raw-window-handle",
 "smallvec",
 "spirv_cross",
 "wasm-bindgen",
 "web-sys",
]

[[package]]
name = "gfx-backend-metal"
version = "0.6.0"
source = "git+https://github.com/gfx-rs/gfx?rev=0244e3401e9f127617cb8636397048584e7bfe8a#0244e3401e9f127617cb8636397048584e7bfe8a"
dependencies = [
 "arrayvec",
 "bitflags",
 "block",
 "cocoa-foundation",
 "copyless",
 "foreign-types",
 "gfx-auxil",
 "gfx-hal 0.6.0 (git+https://github.com/gfx-rs/gfx?rev=0244e3401e9f127617cb8636397048584e7bfe8a)",
 "lazy_static",
 "log",
 "metal",
 "naga",
 "objc",
 "parking_lot",
 "range-alloc",
 "raw-window-handle",
 "spirv_cross",
 "storage-map",
]

[[package]]
name = "gfx-backend-vulkan"
version = "0.6.5"
source = "registry+https://github.com/rust-lang/crates.io-index"
checksum = "3a3a63cf61067a09b7d1ac480af3cb2ae0c5ede5bed294607bbd814cb1666c45"
dependencies = [
 "arrayvec",
 "ash",
 "byteorder",
 "core-graphics-types",
 "gfx-hal 0.6.0 (registry+https://github.com/rust-lang/crates.io-index)",
 "inplace_it",
 "lazy_static",
 "log",
 "objc",
 "raw-window-handle",
 "smallvec",
 "winapi",
 "x11",
]

[[package]]
name = "gfx-backend-vulkan"
version = "0.6.5"
source = "git+https://github.com/gfx-rs/gfx?rev=0244e3401e9f127617cb8636397048584e7bfe8a#0244e3401e9f127617cb8636397048584e7bfe8a"
dependencies = [
 "arrayvec",
 "ash",
 "byteorder",
 "core-graphics-types",
 "gfx-hal 0.6.0 (git+https://github.com/gfx-rs/gfx?rev=0244e3401e9f127617cb8636397048584e7bfe8a)",
 "inplace_it",
 "lazy_static",
 "log",
 "naga",
 "objc",
 "raw-window-handle",
 "smallvec",
 "winapi",
]

[[package]]
name = "gfx-hal"
version = "0.6.0"
source = "registry+https://github.com/rust-lang/crates.io-index"
checksum = "18d0754f5b7a43915fd7466883b2d1bb0800d7cc4609178d0b27bf143b9e5123"
dependencies = [
 "bitflags",
 "raw-window-handle",
]

[[package]]
name = "gfx-hal"
version = "0.6.0"
source = "git+https://github.com/gfx-rs/gfx?rev=0244e3401e9f127617cb8636397048584e7bfe8a#0244e3401e9f127617cb8636397048584e7bfe8a"
dependencies = [
 "bitflags",
 "naga",
 "raw-window-handle",
 "thiserror",
]

[[package]]
name = "glow"
version = "0.6.1"
source = "registry+https://github.com/rust-lang/crates.io-index"
checksum = "1625b792e2f9267116dd41eb7d325e0ea2572ceba5069451906745e04f852f33"
dependencies = [
 "js-sys",
 "slotmap",
 "wasm-bindgen",
 "web-sys",
]

[[package]]
name = "gpu-alloc"
version = "0.2.1"
source = "git+https://github.com/zakarumych/gpu-alloc?rev=d07be73f9439a37c89f5b72f2500cbf0eb4ff613#d07be73f9439a37c89f5b72f2500cbf0eb4ff613"
dependencies = [
 "bitflags",
 "gpu-alloc-types",
]

[[package]]
name = "gpu-alloc-types"
version = "0.1.0"
source = "git+https://github.com/zakarumych/gpu-alloc?rev=d07be73f9439a37c89f5b72f2500cbf0eb4ff613#d07be73f9439a37c89f5b72f2500cbf0eb4ff613"
dependencies = [
 "bitflags",
]

[[package]]
name = "gpu-descriptor"
version = "0.1.0"
source = "git+https://github.com/zakarumych/gpu-descriptor?rev=df74fd8c7bea03149058a41aab0e4fe04077b266#df74fd8c7bea03149058a41aab0e4fe04077b266"
dependencies = [
 "bitflags",
 "gpu-descriptor-types",
 "hashbrown",
 "tracing",
]

[[package]]
name = "gpu-descriptor-types"
version = "0.1.0"
source = "git+https://github.com/zakarumych/gpu-descriptor?rev=df74fd8c7bea03149058a41aab0e4fe04077b266#df74fd8c7bea03149058a41aab0e4fe04077b266"
dependencies = [
 "bitflags",
]

[[package]]
name = "hashbrown"
version = "0.9.1"
source = "registry+https://github.com/rust-lang/crates.io-index"
checksum = "d7afe4a420e3fe79967a00898cc1f4db7c8a49a9333a29f8a4bd76a253d5cd04"
dependencies = [
 "ahash",
]

[[package]]
name = "helper"
version = "0.1.0"
dependencies = [
 "libc",
 "png",
]

[[package]]
name = "indexmap"
version = "1.6.1"
source = "registry+https://github.com/rust-lang/crates.io-index"
checksum = "4fb1fa934250de4de8aef298d81c729a7d33d8c239daa3a7575e6b92bfc7313b"
dependencies = [
 "autocfg",
 "hashbrown",
]

[[package]]
name = "inplace_it"
version = "0.3.2"
source = "registry+https://github.com/rust-lang/crates.io-index"
checksum = "dd01a2a73f2f399df96b22dc88ea687ef4d76226284e7531ae3c7ee1dc5cb534"

[[package]]
name = "instant"
version = "0.1.9"
source = "registry+https://github.com/rust-lang/crates.io-index"
checksum = "61124eeebbd69b8190558df225adf7e4caafce0d743919e5d6b19652314ec5ec"
dependencies = [
 "cfg-if 1.0.0",
]

[[package]]
name = "jobserver"
version = "0.1.21"
source = "registry+https://github.com/rust-lang/crates.io-index"
checksum = "5c71313ebb9439f74b00d9d2dcec36440beaf57a6aa0623068441dd7cd81a7f2"
dependencies = [
 "libc",
]

[[package]]
name = "js-sys"
version = "0.3.46"
source = "registry+https://github.com/rust-lang/crates.io-index"
checksum = "cf3d7383929f7c9c7c2d0fa596f325832df98c3704f2c60553080f7127a58175"
dependencies = [
 "wasm-bindgen",
]

[[package]]
name = "khronos-egl"
version = "3.0.0-beta"
source = "git+https://github.com/timothee-haudebourg/khronos-egl?rev=9568b2ee3b02f2c17cc9479f824db16daecf1664#9568b2ee3b02f2c17cc9479f824db16daecf1664"
dependencies = [
 "libc",
 "libloading",
]

[[package]]
name = "lazy_static"
version = "1.4.0"
source = "registry+https://github.com/rust-lang/crates.io-index"
checksum = "e2abad23fbc42b3700f2f279844dc832adb2b2eb069b2df918f455c4e18cc646"

[[package]]
name = "libc"
version = "0.2.81"
source = "registry+https://github.com/rust-lang/crates.io-index"
checksum = "1482821306169ec4d07f6aca392a4681f66c75c9918aa49641a2595db64053cb"

[[package]]
name = "libloading"
version = "0.6.6"
source = "registry+https://github.com/rust-lang/crates.io-index"
checksum = "e9367bdfa836b7e3cf895867f7a570283444da90562980ec2263d6e1569b16bc"
dependencies = [
 "cfg-if 1.0.0",
 "winapi",
]

[[package]]
name = "lock_api"
version = "0.4.2"
source = "registry+https://github.com/rust-lang/crates.io-index"
checksum = "dd96ffd135b2fd7b973ac026d28085defbe8983df057ced3eb4f2130b0831312"
dependencies = [
 "scopeguard",
]

[[package]]
name = "log"
version = "0.4.11"
source = "registry+https://github.com/rust-lang/crates.io-index"
checksum = "4fabed175da42fed1fa0746b0ea71f412aa9d35e76e95e59b192c64b9dc2bf8b"
dependencies = [
 "cfg-if 0.1.10",
]

[[package]]
name = "malloc_buf"
version = "0.0.6"
source = "registry+https://github.com/rust-lang/crates.io-index"
checksum = "62bb907fe88d54d8d9ce32a3cceab4218ed2f6b7d35617cafe9adf84e43919cb"
dependencies = [
 "libc",
]

[[package]]
name = "metal"
version = "0.20.0"
source = "registry+https://github.com/rust-lang/crates.io-index"
checksum = "5c4e8a431536529327e28c9ba6992f2cb0c15d4222f0602a16e6d7695ff3bccf"
dependencies = [
 "bitflags",
 "block",
 "cocoa-foundation",
 "foreign-types",
 "log",
 "objc",
]

[[package]]
name = "miniz_oxide"
version = "0.3.7"
source = "registry+https://github.com/rust-lang/crates.io-index"
checksum = "791daaae1ed6889560f8c4359194f56648355540573244a5448a83ba1ecc7435"
dependencies = [
 "adler32",
]

[[package]]
name = "naga"
version = "0.2.0"
source = "git+https://github.com/gfx-rs/naga?tag=gfx-5#583f218c9dbca08daa6bf3efda60e80ecada63bb"
dependencies = [
 "bitflags",
 "fxhash",
 "log",
 "num-traits",
 "petgraph",
 "serde",
 "spirv_headers",
 "thiserror",
]

[[package]]
name = "num-traits"
version = "0.2.14"
source = "registry+https://github.com/rust-lang/crates.io-index"
checksum = "9a64b1ec5cda2586e284722486d802acf1f7dbdc623e2bfc57e65ca1cd099290"
dependencies = [
 "autocfg",
]

[[package]]
name = "objc"
version = "0.2.7"
source = "registry+https://github.com/rust-lang/crates.io-index"
checksum = "915b1b472bc21c53464d6c8461c9d3af805ba1ef837e1cac254428f4a77177b1"
dependencies = [
 "malloc_buf",
 "objc_exception",
]

[[package]]
name = "objc_exception"
version = "0.1.2"
source = "registry+https://github.com/rust-lang/crates.io-index"
checksum = "ad970fb455818ad6cba4c122ad012fae53ae8b4795f86378bce65e4f6bab2ca4"
dependencies = [
 "cc",
]

[[package]]
name = "parking_lot"
version = "0.11.1"
source = "registry+https://github.com/rust-lang/crates.io-index"
checksum = "6d7744ac029df22dca6284efe4e898991d28e3085c706c972bcd7da4a27a15eb"
dependencies = [
 "instant",
 "lock_api",
 "parking_lot_core",
]

[[package]]
name = "parking_lot_core"
version = "0.8.2"
source = "registry+https://github.com/rust-lang/crates.io-index"
checksum = "9ccb628cad4f84851442432c60ad8e1f607e29752d0bf072cbd0baf28aa34272"
dependencies = [
 "cfg-if 1.0.0",
 "instant",
 "libc",
 "redox_syscall",
 "smallvec",
 "winapi",
]

[[package]]
name = "petgraph"
version = "0.5.1"
source = "registry+https://github.com/rust-lang/crates.io-index"
checksum = "467d164a6de56270bd7c4d070df81d07beace25012d5103ced4e9ff08d6afdb7"
dependencies = [
 "fixedbitset",
 "indexmap",
]

[[package]]
name = "pin-project-lite"
version = "0.2.0"
source = "registry+https://github.com/rust-lang/crates.io-index"
checksum = "6b063f57ec186e6140e2b8b6921e5f1bd89c7356dda5b33acc5401203ca6131c"

[[package]]
name = "pkg-config"
version = "0.3.19"
source = "registry+https://github.com/rust-lang/crates.io-index"
checksum = "3831453b3449ceb48b6d9c7ad7c96d5ea673e9b470a1dc578c2ce6521230884c"

[[package]]
name = "png"
version = "0.16.8"
source = "registry+https://github.com/rust-lang/crates.io-index"
checksum = "3c3287920cb847dee3de33d301c463fba14dda99db24214ddf93f83d3021f4c6"
dependencies = [
 "bitflags",
 "crc32fast",
 "deflate",
 "miniz_oxide",
]

[[package]]
name = "proc-macro2"
version = "1.0.24"
source = "registry+https://github.com/rust-lang/crates.io-index"
checksum = "1e0704ee1a7e00d7bb417d0770ea303c1bccbabf0ef1667dae92b5967f5f8a71"
dependencies = [
 "unicode-xid",
]

[[package]]
name = "quote"
version = "1.0.8"
source = "registry+https://github.com/rust-lang/crates.io-index"
checksum = "991431c3519a3f36861882da93630ce66b52918dcf1b8e2fd66b397fc96f28df"
dependencies = [
 "proc-macro2",
]

[[package]]
name = "range-alloc"
version = "0.1.1"
source = "git+https://github.com/gfx-rs/gfx?rev=0244e3401e9f127617cb8636397048584e7bfe8a#0244e3401e9f127617cb8636397048584e7bfe8a"

[[package]]
name = "raw-window-handle"
version = "0.3.3"
source = "registry+https://github.com/rust-lang/crates.io-index"
checksum = "0a441a7a6c80ad6473bd4b74ec1c9a4c951794285bf941c2126f607c72e48211"
dependencies = [
 "libc",
]

[[package]]
name = "redox_syscall"
version = "0.1.57"
source = "registry+https://github.com/rust-lang/crates.io-index"
checksum = "41cc0f7e4d5d4544e8861606a285bb08d3e70712ccc7d2b84d7c0ccfaf4b05ce"

[[package]]
name = "ron"
version = "0.6.4"
source = "registry+https://github.com/rust-lang/crates.io-index"
checksum = "064ea8613fb712a19faf920022ec8ddf134984f100090764a4e1d768f3827f1f"
dependencies = [
 "base64",
 "bitflags",
 "serde",
]

[[package]]
name = "scopeguard"
version = "1.1.0"
source = "registry+https://github.com/rust-lang/crates.io-index"
checksum = "d29ab0c6d3fc0ee92fe66e2d99f700eab17a8d57d1c1d3b748380fb20baa78cd"

[[package]]
name = "serde"
version = "1.0.118"
source = "registry+https://github.com/rust-lang/crates.io-index"
checksum = "06c64263859d87aa2eb554587e2d23183398d617427327cf2b3d0ed8c69e4800"
dependencies = [
 "serde_derive",
]

[[package]]
name = "serde_derive"
version = "1.0.118"
source = "registry+https://github.com/rust-lang/crates.io-index"
checksum = "c84d3526699cd55261af4b941e4e725444df67aa4f9e6a3564f18030d12672df"
dependencies = [
 "proc-macro2",
 "quote",
 "syn",
]

[[package]]
name = "slotmap"
version = "0.4.0"
source = "registry+https://github.com/rust-lang/crates.io-index"
checksum = "c46a3482db8f247956e464d783693ece164ca056e6e67563ee5505bdb86452cd"

[[package]]
name = "smallvec"
version = "1.5.1"
source = "registry+https://github.com/rust-lang/crates.io-index"
checksum = "ae524f056d7d770e174287294f562e95044c68e88dec909a00d2094805db9d75"

[[package]]
name = "spirv_cross"
version = "0.22.2"
source = "registry+https://github.com/rust-lang/crates.io-index"
checksum = "0ebd49af36be83ecd6290b57147e2a0e26145b832634b17146d934b197ca3713"
dependencies = [
 "cc",
 "js-sys",
 "wasm-bindgen",
]

[[package]]
name = "spirv_headers"
version = "1.5.0"
source = "registry+https://github.com/rust-lang/crates.io-index"
checksum = "1f5b132530b1ac069df335577e3581765995cba5a13995cdbbdbc8fb057c532c"
dependencies = [
 "bitflags",
 "num-traits",
]

[[package]]
name = "storage-map"
version = "0.3.0"
source = "registry+https://github.com/rust-lang/crates.io-index"
checksum = "418bb14643aa55a7841d5303f72cf512cfb323b8cc221d51580500a1ca75206c"
dependencies = [
 "lock_api",
]

[[package]]
name = "syn"
version = "1.0.55"
source = "registry+https://github.com/rust-lang/crates.io-index"
checksum = "a571a711dddd09019ccc628e1b17fe87c59b09d513c06c026877aa708334f37a"
dependencies = [
 "proc-macro2",
 "quote",
 "unicode-xid",
]

[[package]]
name = "thiserror"
version = "1.0.22"
source = "registry+https://github.com/rust-lang/crates.io-index"
checksum = "0e9ae34b84616eedaaf1e9dd6026dbe00dcafa92aa0c8077cb69df1fcfe5e53e"
dependencies = [
 "thiserror-impl",
]

[[package]]
name = "thiserror-impl"
version = "1.0.22"
source = "registry+https://github.com/rust-lang/crates.io-index"
checksum = "9ba20f23e85b10754cd195504aebf6a27e2e6cbe28c17778a0c930724628dd56"
dependencies = [
 "proc-macro2",
 "quote",
 "syn",
]

[[package]]
name = "thunderdome"
version = "0.3.0"
source = "registry+https://github.com/rust-lang/crates.io-index"
checksum = "7572415bd688d401c52f6e36f4c8e805b9ae1622619303b9fa835d531db0acae"

[[package]]
name = "tracing"
version = "0.1.22"
source = "registry+https://github.com/rust-lang/crates.io-index"
checksum = "9f47026cdc4080c07e49b37087de021820269d996f581aac150ef9e5583eefe3"
dependencies = [
 "cfg-if 1.0.0",
 "pin-project-lite",
 "tracing-core",
]

[[package]]
name = "tracing-core"
version = "0.1.17"
source = "registry+https://github.com/rust-lang/crates.io-index"
checksum = "f50de3927f93d202783f4513cda820ab47ef17f624b03c096e86ef00c67e6b5f"
dependencies = [
 "lazy_static",
]

[[package]]
name = "unicode-xid"
version = "0.2.1"
source = "registry+https://github.com/rust-lang/crates.io-index"
checksum = "f7fe0bb3479651439c9112f72b6c505038574c9fbb575ed1bf3b797fa39dd564"

[[package]]
name = "wasm-bindgen"
version = "0.2.69"
source = "registry+https://github.com/rust-lang/crates.io-index"
checksum = "3cd364751395ca0f68cafb17666eee36b63077fb5ecd972bbcd74c90c4bf736e"
dependencies = [
 "cfg-if 1.0.0",
 "wasm-bindgen-macro",
]

[[package]]
name = "wasm-bindgen-backend"
version = "0.2.69"
source = "registry+https://github.com/rust-lang/crates.io-index"
checksum = "1114f89ab1f4106e5b55e688b828c0ab0ea593a1ea7c094b141b14cbaaec2d62"
dependencies = [
 "bumpalo",
 "lazy_static",
 "log",
 "proc-macro2",
 "quote",
 "syn",
 "wasm-bindgen-shared",
]

[[package]]
name = "wasm-bindgen-macro"
version = "0.2.69"
source = "registry+https://github.com/rust-lang/crates.io-index"
checksum = "7a6ac8995ead1f084a8dea1e65f194d0973800c7f571f6edd70adf06ecf77084"
dependencies = [
 "quote",
 "wasm-bindgen-macro-support",
]

[[package]]
name = "wasm-bindgen-macro-support"
version = "0.2.69"
source = "registry+https://github.com/rust-lang/crates.io-index"
checksum = "b5a48c72f299d80557c7c62e37e7225369ecc0c963964059509fbafe917c7549"
dependencies = [
 "proc-macro2",
 "quote",
 "syn",
 "wasm-bindgen-backend",
 "wasm-bindgen-shared",
]

[[package]]
name = "wasm-bindgen-shared"
version = "0.2.69"
source = "registry+https://github.com/rust-lang/crates.io-index"
checksum = "7e7811dd7f9398f14cc76efd356f98f03aa30419dea46aa810d71e819fc97158"

[[package]]
name = "web-sys"
version = "0.3.46"
source = "registry+https://github.com/rust-lang/crates.io-index"
checksum = "222b1ef9334f92a21d3fb53dc3fd80f30836959a90f9274a626d7e06315ba3c3"
dependencies = [
 "js-sys",
 "wasm-bindgen",
]

[[package]]
name = "wgpu-core"
version = "0.6.0"
source = "git+https://github.com/gfx-rs/wgpu?rev=aded4054797d21228f700fd881dfd43dd562c54b#aded4054797d21228f700fd881dfd43dd562c54b"
dependencies = [
 "arrayvec",
 "bitflags",
 "cfg_aliases",
 "copyless",
 "fxhash",
 "gfx-backend-dx11",
 "gfx-backend-dx12",
 "gfx-backend-empty",
 "gfx-backend-gl",
 "gfx-backend-metal",
 "gfx-backend-vulkan 0.6.5 (git+https://github.com/gfx-rs/gfx?rev=0244e3401e9f127617cb8636397048584e7bfe8a)",
 "gfx-hal 0.6.0 (git+https://github.com/gfx-rs/gfx?rev=0244e3401e9f127617cb8636397048584e7bfe8a)",
 "gpu-alloc",
 "gpu-descriptor",
 "naga",
 "parking_lot",
 "raw-window-handle",
 "ron",
 "serde",
 "smallvec",
 "thiserror",
 "tracing",
 "wgpu-types",
]

[[package]]
name = "wgpu-native"
version = "0.6.0"
dependencies = [
 "arrayvec",
 "gfx-backend-vulkan 0.6.5 (registry+https://github.com/rust-lang/crates.io-index)",
 "lazy_static",
 "libc",
 "log",
 "parking_lot",
 "raw-window-handle",
 "wgpu-core",
 "wgpu-types",
]

[[package]]
name = "wgpu-types"
version = "0.6.0"
source = "git+https://github.com/gfx-rs/wgpu?rev=aded4054797d21228f700fd881dfd43dd562c54b#aded4054797d21228f700fd881dfd43dd562c54b"
dependencies = [
 "bitflags",
 "serde",
]

[[package]]
name = "winapi"
version = "0.3.9"
source = "registry+https://github.com/rust-lang/crates.io-index"
checksum = "5c839a674fcd7a98952e593242ea400abe93992746761e38641405d28b00f419"
dependencies = [
 "winapi-i686-pc-windows-gnu",
 "winapi-x86_64-pc-windows-gnu",
]

[[package]]
name = "winapi-i686-pc-windows-gnu"
version = "0.4.0"
source = "registry+https://github.com/rust-lang/crates.io-index"
checksum = "ac3b87c63620426dd9b991e5ce0329eff545bccbbb34f3be09ff6fb6ab51b7b6"

[[package]]
name = "winapi-x86_64-pc-windows-gnu"
version = "0.4.0"
source = "registry+https://github.com/rust-lang/crates.io-index"
checksum = "712e227841d057c1ee1cd2fb22fa7e5a5461ae8e48fa2ca79ec42cfc1931183f"

[[package]]
name = "wio"
version = "0.2.2"
source = "registry+https://github.com/rust-lang/crates.io-index"
checksum = "5d129932f4644ac2396cb456385cbf9e63b5b30c6e8dc4820bdca4eb082037a5"
dependencies = [
 "winapi",
]

[[package]]
name = "x11"
version = "2.18.2"
source = "registry+https://github.com/rust-lang/crates.io-index"
checksum = "77ecd092546cb16f25783a5451538e73afc8d32e242648d54f4ae5459ba1e773"
dependencies = [
 "libc",
 "pkg-config",
]
