# This file is automatically @generated by Cargo.
# It is not intended for manual editing.
[[package]]
name = "arrayvec"
version = "0.5.1"
source = "registry+https://github.com/rust-lang/crates.io-index"
checksum = "cff77d8686867eceff3105329d4698d96c2391c176d5d03adc90c7389162b5b8"

[[package]]
name = "ash"
version = "0.31.0"
source = "registry+https://github.com/rust-lang/crates.io-index"
checksum = "c69a8137596e84c22d57f3da1b5de1d4230b1742a710091c85f4d7ce50f00f38"
dependencies = [
 "libloading",
]

[[package]]
name = "autocfg"
version = "1.0.1"
source = "registry+https://github.com/rust-lang/crates.io-index"
checksum = "cdb031dd78e28731d87d56cc8ffef4a8f36ca26c38fe2de700543e627f8a464a"

[[package]]
name = "base64"
version = "0.12.3"
source = "registry+https://github.com/rust-lang/crates.io-index"
checksum = "3441f0f7b02788e948e47f457ca01f1d7e6d92c693bc132c22b087d3141c03ff"

[[package]]
name = "bit-set"
version = "0.5.2"
source = "registry+https://github.com/rust-lang/crates.io-index"
checksum = "6e11e16035ea35e4e5997b393eacbf6f63983188f7a2ad25bfb13465f5ad59de"
dependencies = [
 "bit-vec",
]

[[package]]
name = "bit-vec"
version = "0.6.2"
source = "registry+https://github.com/rust-lang/crates.io-index"
checksum = "5f0dc55f2d8a1a85650ac47858bb001b4c0dd73d79e3c455a842925e68d29cd3"

[[package]]
name = "bitflags"
version = "1.2.1"
source = "registry+https://github.com/rust-lang/crates.io-index"
checksum = "cf1de2fe8c75bc145a2f577add951f8134889b4795d47466a54a5c846d691693"

[[package]]
name = "block"
version = "0.1.6"
source = "registry+https://github.com/rust-lang/crates.io-index"
checksum = "0d8c1fef690941d3e7788d328517591fecc684c084084702d6ff1641e993699a"

[[package]]
name = "bumpalo"
version = "3.4.0"
source = "registry+https://github.com/rust-lang/crates.io-index"
checksum = "2e8c087f005730276d1096a652e92a8bacee2e2472bcc9715a74d2bec38b5820"

[[package]]
name = "byteorder"
version = "1.3.4"
source = "registry+https://github.com/rust-lang/crates.io-index"
checksum = "08c48aae112d48ed9f069b33538ea9e3e90aa263cfa3d1c24309612b1f7472de"

[[package]]
name = "cc"
version = "1.0.61"
source = "registry+https://github.com/rust-lang/crates.io-index"
checksum = "ed67cbde08356238e75fc4656be4749481eeffb09e19f320a25237d5221c985d"
dependencies = [
 "jobserver",
]

[[package]]
name = "cfg-if"
version = "0.1.10"
source = "registry+https://github.com/rust-lang/crates.io-index"
checksum = "4785bdd1c96b2a846b2bd7cc02e86b6b3dbf14e7e53446c4f54c92a361040822"

[[package]]
name = "cfg_aliases"
version = "0.1.0"
source = "registry+https://github.com/rust-lang/crates.io-index"
checksum = "f6da2b592f5a2e590c3d94c44313bab369f2286cfe1e4134c830bf3317814866"

[[package]]
name = "cloudabi"
version = "0.1.0"
source = "registry+https://github.com/rust-lang/crates.io-index"
checksum = "4344512281c643ae7638bbabc3af17a11307803ec8f0fcad9fae512a8bf36467"
dependencies = [
 "bitflags",
]

[[package]]
name = "cocoa-foundation"
version = "0.1.0"
source = "registry+https://github.com/rust-lang/crates.io-index"
checksum = "7ade49b65d560ca58c403a479bb396592b155c0185eada742ee323d1d68d6318"
dependencies = [
 "bitflags",
 "block",
 "core-foundation",
 "core-graphics-types",
 "foreign-types",
 "libc",
 "objc",
]

[[package]]
name = "copyless"
version = "0.1.5"
source = "registry+https://github.com/rust-lang/crates.io-index"
checksum = "a2df960f5d869b2dd8532793fde43eb5427cceb126c929747a26823ab0eeb536"

[[package]]
name = "core-foundation"
version = "0.9.1"
source = "registry+https://github.com/rust-lang/crates.io-index"
checksum = "0a89e2ae426ea83155dccf10c0fa6b1463ef6d5fcb44cee0b224a408fa640a62"
dependencies = [
 "core-foundation-sys",
 "libc",
]

[[package]]
name = "core-foundation-sys"
version = "0.8.2"
source = "registry+https://github.com/rust-lang/crates.io-index"
checksum = "ea221b5284a47e40033bf9b66f35f984ec0ea2931eb03505246cd27a963f981b"

[[package]]
name = "core-graphics-types"
version = "0.1.1"
source = "registry+https://github.com/rust-lang/crates.io-index"
checksum = "3a68b68b3446082644c91ac778bf50cd4104bfb002b5a6a7c44cca5a2c70788b"
dependencies = [
 "bitflags",
 "core-foundation",
 "foreign-types",
 "libc",
]

[[package]]
name = "d3d12"
version = "0.3.2"
source = "registry+https://github.com/rust-lang/crates.io-index"
checksum = "d0a60cceb22c7c53035f8980524fdc7f17cf49681a3c154e6757d30afbec6ec4"
dependencies = [
 "bitflags",
 "libloading",
 "winapi",
]

[[package]]
name = "fixedbitset"
version = "0.2.0"
source = "registry+https://github.com/rust-lang/crates.io-index"
checksum = "37ab347416e802de484e4d03c7316c48f1ecb56574dfd4a46a80f173ce1de04d"

[[package]]
name = "foreign-types"
version = "0.3.2"
source = "registry+https://github.com/rust-lang/crates.io-index"
checksum = "f6f339eb8adc052cd2ca78910fda869aefa38d22d5cb648e6485e4d3fc06f3b1"
dependencies = [
 "foreign-types-shared",
]

[[package]]
name = "foreign-types-shared"
version = "0.1.1"
source = "registry+https://github.com/rust-lang/crates.io-index"
checksum = "00b0228411908ca8685dba7fc2cdd70ec9990a6e753e89b6ac91a84c40fbaf4b"

[[package]]
name = "fxhash"
version = "0.2.1"
source = "registry+https://github.com/rust-lang/crates.io-index"
checksum = "c31b6d751ae2c7f11320402d34e41349dd1016f8d5d45e48c4312bc8625af50c"
dependencies = [
 "byteorder",
]

[[package]]
name = "gfx-auxil"
version = "0.6.0"
source = "registry+https://github.com/rust-lang/crates.io-index"
checksum = "7ec012a32036c6439180b688b15a24dc8a3fbdb3b1cd02eb55266201db4c1b0f"
dependencies = [
 "fxhash",
 "gfx-hal",
 "spirv_cross",
]

[[package]]
name = "gfx-backend-dx11"
version = "0.6.4"
source = "registry+https://github.com/rust-lang/crates.io-index"
checksum = "6c7fd31dcf0f8496fc94fe44b285a0bfeeb33b5a8ec0f59ea5f8fa64428071b4"
dependencies = [
 "bitflags",
 "gfx-auxil",
 "gfx-hal",
 "libloading",
 "log",
 "parking_lot",
 "range-alloc",
 "raw-window-handle",
 "smallvec",
 "spirv_cross",
 "winapi",
 "wio",
]

[[package]]
name = "gfx-backend-dx12"
version = "0.6.8"
source = "registry+https://github.com/rust-lang/crates.io-index"
checksum = "9064fb184f8bb4cfaa59ef196eb94167a39fa56ca84b2c937fd6e6f0164f33ba"
dependencies = [
 "arrayvec",
 "bitflags",
 "d3d12",
 "gfx-auxil",
 "gfx-hal",
 "log",
 "range-alloc",
 "raw-window-handle",
 "smallvec",
 "spirv_cross",
 "winapi",
]

[[package]]
name = "gfx-backend-empty"
version = "0.6.0"
source = "registry+https://github.com/rust-lang/crates.io-index"
checksum = "2085227c12b78f6657a900c829f2d0deb46a9be3eaf86844fde263cdc218f77c"
dependencies = [
 "gfx-hal",
 "log",
 "raw-window-handle",
]

[[package]]
name = "gfx-backend-metal"
version = "0.6.3"
source = "registry+https://github.com/rust-lang/crates.io-index"
checksum = "c9a5278b173f1008ad38f2bd38ca51e18a5e5d23a87195824bee468fcc390dce"
dependencies = [
 "arrayvec",
 "bitflags",
 "block",
 "cocoa-foundation",
 "copyless",
 "foreign-types",
 "gfx-auxil",
 "gfx-hal",
 "lazy_static",
 "log",
 "metal",
 "objc",
 "parking_lot",
 "range-alloc",
 "raw-window-handle",
 "smallvec",
 "spirv_cross",
 "storage-map",
]

[[package]]
name = "gfx-backend-vulkan"
version = "0.6.5"
source = "registry+https://github.com/rust-lang/crates.io-index"
checksum = "3a3a63cf61067a09b7d1ac480af3cb2ae0c5ede5bed294607bbd814cb1666c45"
dependencies = [
 "arrayvec",
 "ash",
 "byteorder",
 "core-graphics-types",
 "gfx-hal",
 "inplace_it",
 "lazy_static",
 "log",
 "objc",
 "raw-window-handle",
 "smallvec",
 "winapi",
 "x11",
]

[[package]]
name = "gfx-descriptor"
version = "0.2.0"
source = "registry+https://github.com/rust-lang/crates.io-index"
checksum = "cd8c7afcd000f279d541a490e27117e61037537279b9342279abf4938fe60c6b"
dependencies = [
 "arrayvec",
 "fxhash",
 "gfx-hal",
 "log",
]

[[package]]
name = "gfx-hal"
version = "0.6.0"
source = "registry+https://github.com/rust-lang/crates.io-index"
checksum = "18d0754f5b7a43915fd7466883b2d1bb0800d7cc4609178d0b27bf143b9e5123"
dependencies = [
 "bitflags",
 "raw-window-handle",
]

[[package]]
name = "gfx-memory"
version = "0.2.2"
source = "registry+https://github.com/rust-lang/crates.io-index"
checksum = "dccdda5d2b39412f4ca2cb15c70b5a82783a86b0606f5e985342754c8ed88f05"
dependencies = [
 "bit-set",
 "fxhash",
 "gfx-hal",
 "log",
 "slab",
]

[[package]]
name = "hashbrown"
version = "0.9.1"
source = "registry+https://github.com/rust-lang/crates.io-index"
checksum = "d7afe4a420e3fe79967a00898cc1f4db7c8a49a9333a29f8a4bd76a253d5cd04"

[[package]]
name = "indexmap"
version = "1.6.0"
source = "registry+https://github.com/rust-lang/crates.io-index"
checksum = "55e2e4c765aa53a0424761bf9f41aa7a6ac1efa87238f59560640e27fca028f2"
dependencies = [
 "autocfg",
 "hashbrown",
]

[[package]]
name = "inplace_it"
version = "0.3.2"
source = "registry+https://github.com/rust-lang/crates.io-index"
checksum = "dd01a2a73f2f399df96b22dc88ea687ef4d76226284e7531ae3c7ee1dc5cb534"

[[package]]
name = "instant"
version = "0.1.7"
source = "registry+https://github.com/rust-lang/crates.io-index"
checksum = "63312a18f7ea8760cdd0a7c5aac1a619752a246b833545e3e36d1f81f7cd9e66"
dependencies = [
 "cfg-if",
]

[[package]]
name = "jobserver"
version = "0.1.21"
source = "registry+https://github.com/rust-lang/crates.io-index"
checksum = "5c71313ebb9439f74b00d9d2dcec36440beaf57a6aa0623068441dd7cd81a7f2"
dependencies = [
 "libc",
]

[[package]]
name = "js-sys"
version = "0.3.45"
source = "registry+https://github.com/rust-lang/crates.io-index"
checksum = "ca059e81d9486668f12d455a4ea6daa600bd408134cd17e3d3fb5a32d1f016f8"
dependencies = [
 "wasm-bindgen",
]

[[package]]
name = "lazy_static"
version = "1.4.0"
source = "registry+https://github.com/rust-lang/crates.io-index"
checksum = "e2abad23fbc42b3700f2f279844dc832adb2b2eb069b2df918f455c4e18cc646"

[[package]]
name = "libc"
version = "0.2.79"
source = "registry+https://github.com/rust-lang/crates.io-index"
checksum = "2448f6066e80e3bfc792e9c98bf705b4b0fc6e8ef5b43e5889aff0eaa9c58743"

[[package]]
name = "libloading"
version = "0.6.4"
source = "registry+https://github.com/rust-lang/crates.io-index"
checksum = "3557c9384f7f757f6d139cd3a4c62ef4e850696c16bf27924a5538c8a09717a1"
dependencies = [
 "cfg-if",
 "winapi",
]

[[package]]
name = "lock_api"
version = "0.4.1"
source = "registry+https://github.com/rust-lang/crates.io-index"
checksum = "28247cc5a5be2f05fbcd76dd0cf2c7d3b5400cb978a28042abcd4fa0b3f8261c"
dependencies = [
 "scopeguard",
]

[[package]]
name = "log"
version = "0.4.11"
source = "registry+https://github.com/rust-lang/crates.io-index"
checksum = "4fabed175da42fed1fa0746b0ea71f412aa9d35e76e95e59b192c64b9dc2bf8b"
dependencies = [
 "cfg-if",
]

[[package]]
name = "malloc_buf"
version = "0.0.6"
source = "registry+https://github.com/rust-lang/crates.io-index"
checksum = "62bb907fe88d54d8d9ce32a3cceab4218ed2f6b7d35617cafe9adf84e43919cb"
dependencies = [
 "libc",
]

[[package]]
name = "metal"
version = "0.20.0"
source = "registry+https://github.com/rust-lang/crates.io-index"
checksum = "5c4e8a431536529327e28c9ba6992f2cb0c15d4222f0602a16e6d7695ff3bccf"
dependencies = [
 "bitflags",
 "block",
 "cocoa-foundation",
 "foreign-types",
 "log",
 "objc",
]

[[package]]
name = "naga"
version = "0.2.0"
source = "git+https://github.com/gfx-rs/naga?rev=aa35110471ee7915e1f4e1de61ea41f2f32f92c4#aa35110471ee7915e1f4e1de61ea41f2f32f92c4"
dependencies = [
 "bitflags",
 "fxhash",
 "log",
 "num-traits",
 "petgraph",
 "spirv_headers",
 "thiserror",
]

[[package]]
name = "num-traits"
version = "0.2.12"
source = "registry+https://github.com/rust-lang/crates.io-index"
checksum = "ac267bcc07f48ee5f8935ab0d24f316fb722d7a1292e2913f0cc196b29ffd611"
dependencies = [
 "autocfg",
]

[[package]]
name = "objc"
version = "0.2.7"
source = "registry+https://github.com/rust-lang/crates.io-index"
checksum = "915b1b472bc21c53464d6c8461c9d3af805ba1ef837e1cac254428f4a77177b1"
dependencies = [
 "malloc_buf",
 "objc_exception",
]

[[package]]
name = "objc_exception"
version = "0.1.2"
source = "registry+https://github.com/rust-lang/crates.io-index"
checksum = "ad970fb455818ad6cba4c122ad012fae53ae8b4795f86378bce65e4f6bab2ca4"
dependencies = [
 "cc",
]

[[package]]
name = "parking_lot"
version = "0.11.0"
source = "registry+https://github.com/rust-lang/crates.io-index"
checksum = "a4893845fa2ca272e647da5d0e46660a314ead9c2fdd9a883aabc32e481a8733"
dependencies = [
 "instant",
 "lock_api",
 "parking_lot_core",
]

[[package]]
name = "parking_lot_core"
version = "0.8.0"
source = "registry+https://github.com/rust-lang/crates.io-index"
checksum = "c361aa727dd08437f2f1447be8b59a33b0edd15e0fcee698f935613d9efbca9b"
dependencies = [
 "cfg-if",
 "cloudabi",
 "instant",
 "libc",
 "redox_syscall",
 "smallvec",
 "winapi",
]

[[package]]
name = "petgraph"
version = "0.5.1"
source = "registry+https://github.com/rust-lang/crates.io-index"
checksum = "467d164a6de56270bd7c4d070df81d07beace25012d5103ced4e9ff08d6afdb7"
dependencies = [
 "fixedbitset",
 "indexmap",
]

[[package]]
name = "pin-project-lite"
version = "0.1.10"
source = "registry+https://github.com/rust-lang/crates.io-index"
checksum = "e555d9e657502182ac97b539fb3dae8b79cda19e3e4f8ffb5e8de4f18df93c95"

[[package]]
name = "pkg-config"
version = "0.3.19"
source = "registry+https://github.com/rust-lang/crates.io-index"
checksum = "3831453b3449ceb48b6d9c7ad7c96d5ea673e9b470a1dc578c2ce6521230884c"

[[package]]
name = "proc-macro2"
version = "1.0.24"
source = "registry+https://github.com/rust-lang/crates.io-index"
checksum = "1e0704ee1a7e00d7bb417d0770ea303c1bccbabf0ef1667dae92b5967f5f8a71"
dependencies = [
 "unicode-xid",
]

[[package]]
name = "quote"
version = "1.0.7"
source = "registry+https://github.com/rust-lang/crates.io-index"
checksum = "aa563d17ecb180e500da1cfd2b028310ac758de548efdd203e18f283af693f37"
dependencies = [
 "proc-macro2",
]

[[package]]
name = "range-alloc"
version = "0.1.1"
source = "registry+https://github.com/rust-lang/crates.io-index"
checksum = "a871f1e45a3a3f0c73fb60343c811238bb5143a81642e27c2ac7aac27ff01a63"

[[package]]
name = "raw-window-handle"
version = "0.3.3"
source = "registry+https://github.com/rust-lang/crates.io-index"
checksum = "0a441a7a6c80ad6473bd4b74ec1c9a4c951794285bf941c2126f607c72e48211"
dependencies = [
 "libc",
]

[[package]]
name = "redox_syscall"
version = "0.1.57"
source = "registry+https://github.com/rust-lang/crates.io-index"
checksum = "41cc0f7e4d5d4544e8861606a285bb08d3e70712ccc7d2b84d7c0ccfaf4b05ce"

[[package]]
name = "ron"
version = "0.6.2"
source = "registry+https://github.com/rust-lang/crates.io-index"
checksum = "f8a58080b7bb83b2ea28c3b7a9a994fd5e310330b7c8ca5258d99b98128ecfe4"
dependencies = [
 "base64",
 "bitflags",
 "serde",
]

[[package]]
name = "scopeguard"
version = "1.1.0"
source = "registry+https://github.com/rust-lang/crates.io-index"
checksum = "d29ab0c6d3fc0ee92fe66e2d99f700eab17a8d57d1c1d3b748380fb20baa78cd"

[[package]]
name = "serde"
version = "1.0.117"
source = "registry+https://github.com/rust-lang/crates.io-index"
checksum = "b88fa983de7720629c9387e9f517353ed404164b1e482c970a90c1a4aaf7dc1a"
dependencies = [
 "serde_derive",
]

[[package]]
name = "serde_derive"
version = "1.0.117"
source = "registry+https://github.com/rust-lang/crates.io-index"
checksum = "cbd1ae72adb44aab48f325a02444a5fc079349a8d804c1fc922aed3f7454c74e"
dependencies = [
 "proc-macro2",
 "quote",
 "syn",
]

[[package]]
name = "slab"
version = "0.4.2"
source = "registry+https://github.com/rust-lang/crates.io-index"
checksum = "c111b5bd5695e56cffe5129854aa230b39c93a305372fdbb2668ca2394eea9f8"

[[package]]
name = "smallvec"
version = "1.4.2"
source = "registry+https://github.com/rust-lang/crates.io-index"
checksum = "fbee7696b84bbf3d89a1c2eccff0850e3047ed46bfcd2e92c29a2d074d57e252"

[[package]]
name = "spirv_cross"
version = "0.21.0"
source = "registry+https://github.com/rust-lang/crates.io-index"
checksum = "b631bd956108f3e34a4fb7e39621711ac15ce022bc567da2d953c6df13f00e00"
dependencies = [
 "cc",
 "js-sys",
 "wasm-bindgen",
]

[[package]]
name = "spirv_headers"
version = "1.5.0"
source = "registry+https://github.com/rust-lang/crates.io-index"
checksum = "1f5b132530b1ac069df335577e3581765995cba5a13995cdbbdbc8fb057c532c"
dependencies = [
 "bitflags",
 "num-traits",
]

[[package]]
name = "storage-map"
version = "0.3.0"
source = "registry+https://github.com/rust-lang/crates.io-index"
checksum = "418bb14643aa55a7841d5303f72cf512cfb323b8cc221d51580500a1ca75206c"
dependencies = [
 "lock_api",
]

[[package]]
name = "syn"
version = "1.0.44"
source = "registry+https://github.com/rust-lang/crates.io-index"
checksum = "e03e57e4fcbfe7749842d53e24ccb9aa12b7252dbe5e91d2acad31834c8b8fdd"
dependencies = [
 "proc-macro2",
 "quote",
 "unicode-xid",
]

[[package]]
name = "thiserror"
version = "1.0.21"
source = "registry+https://github.com/rust-lang/crates.io-index"
checksum = "318234ffa22e0920fe9a40d7b8369b5f649d490980cf7aadcf1eb91594869b42"
dependencies = [
 "thiserror-impl",
]

[[package]]
name = "thiserror-impl"
version = "1.0.21"
source = "registry+https://github.com/rust-lang/crates.io-index"
checksum = "cae2447b6282786c3493999f40a9be2a6ad20cb8bd268b0a0dbf5a065535c0ab"
dependencies = [
 "proc-macro2",
 "quote",
 "syn",
]

[[package]]
name = "tracing"
version = "0.1.21"
source = "registry+https://github.com/rust-lang/crates.io-index"
checksum = "b0987850db3733619253fe60e17cb59b82d37c7e6c0236bb81e4d6b87c879f27"
dependencies = [
 "cfg-if",
 "pin-project-lite",
 "tracing-core",
]

[[package]]
name = "tracing-core"
version = "0.1.17"
source = "registry+https://github.com/rust-lang/crates.io-index"
checksum = "f50de3927f93d202783f4513cda820ab47ef17f624b03c096e86ef00c67e6b5f"
dependencies = [
 "lazy_static",
]

[[package]]
name = "unicode-xid"
version = "0.2.1"
source = "registry+https://github.com/rust-lang/crates.io-index"
checksum = "f7fe0bb3479651439c9112f72b6c505038574c9fbb575ed1bf3b797fa39dd564"

[[package]]
name = "wasm-bindgen"
version = "0.2.68"
source = "registry+https://github.com/rust-lang/crates.io-index"
checksum = "1ac64ead5ea5f05873d7c12b545865ca2b8d28adfc50a49b84770a3a97265d42"
dependencies = [
 "cfg-if",
 "wasm-bindgen-macro",
]

[[package]]
name = "wasm-bindgen-backend"
version = "0.2.68"
source = "registry+https://github.com/rust-lang/crates.io-index"
checksum = "f22b422e2a757c35a73774860af8e112bff612ce6cb604224e8e47641a9e4f68"
dependencies = [
 "bumpalo",
 "lazy_static",
 "log",
 "proc-macro2",
 "quote",
 "syn",
 "wasm-bindgen-shared",
]

[[package]]
name = "wasm-bindgen-macro"
version = "0.2.68"
source = "registry+https://github.com/rust-lang/crates.io-index"
checksum = "6b13312a745c08c469f0b292dd2fcd6411dba5f7160f593da6ef69b64e407038"
dependencies = [
 "quote",
 "wasm-bindgen-macro-support",
]

[[package]]
name = "wasm-bindgen-macro-support"
version = "0.2.68"
source = "registry+https://github.com/rust-lang/crates.io-index"
checksum = "f249f06ef7ee334cc3b8ff031bfc11ec99d00f34d86da7498396dc1e3b1498fe"
dependencies = [
 "proc-macro2",
 "quote",
 "syn",
 "wasm-bindgen-backend",
 "wasm-bindgen-shared",
]

[[package]]
name = "wasm-bindgen-shared"
version = "0.2.68"
source = "registry+https://github.com/rust-lang/crates.io-index"
checksum = "1d649a3145108d7d3fbcde896a468d1bd636791823c9921135218ad89be08307"

[[package]]
name = "wgpu-core"
version = "0.6.0"
source = "git+https://github.com/gfx-rs/wgpu#8ce2530b6963982ef9a58f7efac682d13ce4c508"
dependencies = [
 "arrayvec",
 "bitflags",
 "cfg_aliases",
 "copyless",
 "fxhash",
 "gfx-backend-dx11",
 "gfx-backend-dx12",
 "gfx-backend-empty",
 "gfx-backend-metal",
 "gfx-backend-vulkan",
 "gfx-descriptor",
 "gfx-hal",
 "gfx-memory",
 "naga",
 "parking_lot",
 "raw-window-handle",
 "ron",
 "serde",
 "smallvec",
 "thiserror",
 "tracing",
 "wgpu-types",
]

[[package]]
name = "wgpu-native"
version = "0.6.0"
dependencies = [
 "arrayvec",
 "gfx-backend-vulkan",
 "lazy_static",
 "libc",
 "log",
 "parking_lot",
 "raw-window-handle",
 "wgpu-core",
 "wgpu-types",
]

[[package]]
name = "wgpu-types"
version = "0.6.0"
source = "git+https://github.com/gfx-rs/wgpu#8ce2530b6963982ef9a58f7efac682d13ce4c508"
dependencies = [
 "bitflags",
 "serde",
]

[[package]]
name = "winapi"
version = "0.3.9"
source = "registry+https://github.com/rust-lang/crates.io-index"
checksum = "5c839a674fcd7a98952e593242ea400abe93992746761e38641405d28b00f419"
dependencies = [
 "winapi-i686-pc-windows-gnu",
 "winapi-x86_64-pc-windows-gnu",
]

[[package]]
name = "winapi-i686-pc-windows-gnu"
version = "0.4.0"
source = "registry+https://github.com/rust-lang/crates.io-index"
checksum = "ac3b87c63620426dd9b991e5ce0329eff545bccbbb34f3be09ff6fb6ab51b7b6"

[[package]]
name = "winapi-x86_64-pc-windows-gnu"
version = "0.4.0"
source = "registry+https://github.com/rust-lang/crates.io-index"
checksum = "712e227841d057c1ee1cd2fb22fa7e5a5461ae8e48fa2ca79ec42cfc1931183f"

[[package]]
name = "wio"
version = "0.2.2"
source = "registry+https://github.com/rust-lang/crates.io-index"
checksum = "5d129932f4644ac2396cb456385cbf9e63b5b30c6e8dc4820bdca4eb082037a5"
dependencies = [
 "winapi",
]

[[package]]
name = "x11"
version = "2.18.2"
source = "registry+https://github.com/rust-lang/crates.io-index"
checksum = "77ecd092546cb16f25783a5451538e73afc8d32e242648d54f4ae5459ba1e773"
dependencies = [
 "libc",
 "pkg-config",
]
